
Microsoft Visual Studio Solution File, Format Version 12.00
# Visual Studio Version 16
VisualStudioVersion = 16.0.31605.320
MinimumVisualStudioVersion = 10.0.40219.1
Project("{FAE04EC0-301F-11D3-BF4B-00C04F79EFBC}") = "ConsoleApp_BubbleSort", "ConsoleApp_BubbleSort.csproj", "{83DC5783-E310-4744-BF5A-05B967777FFD}"
EndProject
Global
	GlobalSection(SolutionConfigurationPlatforms) = preSolution
		Debug|Any CPU = Debug|Any CPU
		Release|Any CPU = Release|Any CPU
	EndGlobalSection
	GlobalSection(ProjectConfigurationPlatforms) = postSolution
		{83DC5783-E310-4744-BF5A-05B967777FFD}.Debug|Any CPU.ActiveCfg = Debug|Any CPU
		{83DC5783-E310-4744-BF5A-05B967777FFD}.Debug|Any CPU.Build.0 = Debug|Any CPU
		{83DC5783-E310-4744-BF5A-05B967777FFD}.Release|Any CPU.ActiveCfg = Release|Any CPU
		{83DC5783-E310-4744-BF5A-05B967777FFD}.Release|Any CPU.Build.0 = Release|Any CPU
	EndGlobalSection
	GlobalSection(SolutionProperties) = preSolution
		HideSolutionNode = FALSE
	EndGlobalSection
	GlobalSection(ExtensibilityGlobals) = postSolution
		SolutionGuid = {70BC0AB8-A662-4693-968D-43E692471B28}
	EndGlobalSection
EndGlobal
